Microsoft Visual Studio Solution File, Format Version 11.00
# Visual Studio 2008

Project("{9D4B8691-0D65-8DD0-EF92-1A2BD2901C1A}") = "Mimori FYP Game", "Assembly-CSharp-firstpass.csproj", "{5504F014-CAE9-53F4-379E-C936E6491142}"
EndProject
Project("{9D4B8691-0D65-8DD0-EF92-1A2BD2901C1A}") = "Mimori FYP Game", "Assembly-CSharp.csproj", "{3B5CC26B-479D-2E19-9AC8-2E5C43A06989}"
EndProject
Project("{9D4B8691-0D65-8DD0-EF92-1A2BD2901C1A}") = "Mimori FYP Game", "Assembly-CSharp-Editor.csproj", "{01D6E6AB-6049-2A20-4A6F-FE5FA41E40E0}"
EndProject
Project("{9D4B8691-0D65-8DD0-EF92-1A2BD2901C1A}") = "Mimori FYP Game", "Assembly-UnityScript-Editor.unityproj", "{153B8958-F014-4B94-633D-20C3E6EB06C3}"
EndProject
Global
	GlobalSection(SolutionConfigurationPlatforms) = preSolution
		Debug|Any CPU = Debug|Any CPU
		Release|Any CPU = Release|Any CPU
	EndGlobalSection
	GlobalSection(ProjectConfigurationPlatforms) = postSolution
		{5504F014-CAE9-53F4-379E-C936E6491142}.Debug|Any CPU.ActiveCfg = Debug|Any CPU
		{5504F014-CAE9-53F4-379E-C936E6491142}.Debug|Any CPU.Build.0 = Debug|Any CPU
		{5504F014-CAE9-53F4-379E-C936E6491142}.Release|Any CPU.ActiveCfg = Release|Any CPU
		{5504F014-CAE9-53F4-379E-C936E6491142}.Release|Any CPU.Build.0 = Release|Any CPU
		{3B5CC26B-479D-2E19-9AC8-2E5C43A06989}.Debug|Any CPU.ActiveCfg = Debug|Any CPU
		{3B5CC26B-479D-2E19-9AC8-2E5C43A06989}.Debug|Any CPU.Build.0 = Debug|Any CPU
		{3B5CC26B-479D-2E19-9AC8-2E5C43A06989}.Release|Any CPU.ActiveCfg = Release|Any CPU
		{3B5CC26B-479D-2E19-9AC8-2E5C43A06989}.Release|Any CPU.Build.0 = Release|Any CPU
		{01D6E6AB-6049-2A20-4A6F-FE5FA41E40E0}.Debug|Any CPU.ActiveCfg = Debug|Any CPU
		{01D6E6AB-6049-2A20-4A6F-FE5FA41E40E0}.Debug|Any CPU.Build.0 = Debug|Any CPU
		{01D6E6AB-6049-2A20-4A6F-FE5FA41E40E0}.Release|Any CPU.ActiveCfg = Release|Any CPU
		{01D6E6AB-6049-2A20-4A6F-FE5FA41E40E0}.Release|Any CPU.Build.0 = Release|Any CPU
		{153B8958-F014-4B94-633D-20C3E6EB06C3}.Debug|Any CPU.ActiveCfg = Debug|Any CPU
		{153B8958-F014-4B94-633D-20C3E6EB06C3}.Debug|Any CPU.Build.0 = Debug|Any CPU
		{153B8958-F014-4B94-633D-20C3E6EB06C3}.Release|Any CPU.ActiveCfg = Release|Any CPU
		{153B8958-F014-4B94-633D-20C3E6EB06C3}.Release|Any CPU.Build.0 = Release|Any CPU
	EndGlobalSection
	GlobalSection(SolutionProperties) = preSolution
		HideSolutionNode = FALSE
	EndGlobalSection
	GlobalSection(MonoDevelopProperties) = preSolution
		StartupItem = Assembly-CSharp.csproj
	EndGlobalSection
EndGlobal
